{
  "name": "lakh-midi",
  "version": "1.0.0",
  "lockfileVersion": 2,
  "requires": true,
  "packages": {
    "": {
      "name": "lakh-midi",
      "version": "1.0.0",
      "license": "ISC",
      "dependencies": {
        "filenames-to-json": "^1.0.0"
      }
    },
    "node_modules/filenames-to-json": {
      "version": "1.0.0",
      "resolved": "https://registry.npmjs.org/filenames-to-json/-/filenames-to-json-1.0.0.tgz",
      "integrity": "sha512-KohoqdacgNxlKd8FrZ8T4iF6AcR/AWBuE/jiS0Sg0LJ84wFBc8Z15jd8hZXvk035scYcScWRueP/b4WMiHrBCA=="
    }
  },
  "dependencies": {
    "filenames-to-json": {
      "version": "1.0.0",
      "resolved": "https://registry.npmjs.org/filenames-to-json/-/filenames-to-json-1.0.0.tgz",
      "integrity": "sha512-KohoqdacgNxlKd8FrZ8T4iF6AcR/AWBuE/jiS0Sg0LJ84wFBc8Z15jd8hZXvk035scYcScWRueP/b4WMiHrBCA=="
    }
  }
}
